
Microsoft Visual Studio Solution File, Format Version 11.00
# Visual Studio 2010
Project("{FAE04EC0-301F-11D3-BF4B-00C04F79EFBC}") = "AmletoClient", "AmletoClient\AmletoClient.csproj", "{ED882DB6-2AB6-4F07-A2A7-513453F8C5DE}"
EndProject
Project("{FAE04EC0-301F-11D3-BF4B-00C04F79EFBC}") = "RemoteExecution", "RemoteExecution\RemoteExecution.csproj", "{F89E73B1-07F2-4DF1-A894-51627760466B}"
EndProject
Project("{FAE04EC0-301F-11D3-BF4B-00C04F79EFBC}") = "Amleto", "Amleto\Amleto.csproj", "{3EE8D675-D333-413F-86FE-1BAD917C9A7F}"
EndProject
Project("{FAE04EC0-301F-11D3-BF4B-00C04F79EFBC}") = "AmletoClientService", "AmletoClientService\AmletoClientService.csproj", "{6A56C58E-F178-4657-AB47-9AC354609DF2}"
EndProject
Project("{FAE04EC0-301F-11D3-BF4B-00C04F79EFBC}") = "AmletoServerService", "AmletoServerService\AmletoServerService.csproj", "{006DE757-34B7-4344-AF91-F2CC339F27D3}"
EndProject
Global
	GlobalSection(SolutionConfigurationPlatforms) = preSolution
		Debug|Any CPU = Debug|Any CPU
		Release|Any CPU = Release|Any CPU
	EndGlobalSection
	GlobalSection(ProjectConfigurationPlatforms) = postSolution
		{ED882DB6-2AB6-4F07-A2A7-513453F8C5DE}.Debug|Any CPU.ActiveCfg = Debug|Any CPU
		{ED882DB6-2AB6-4F07-A2A7-513453F8C5DE}.Debug|Any CPU.Build.0 = Debug|Any CPU
		{ED882DB6-2AB6-4F07-A2A7-513453F8C5DE}.Release|Any CPU.ActiveCfg = Release|Any CPU
		{ED882DB6-2AB6-4F07-A2A7-513453F8C5DE}.Release|Any CPU.Build.0 = Release|Any CPU
		{F89E73B1-07F2-4DF1-A894-51627760466B}.Debug|Any CPU.ActiveCfg = Debug|Any CPU
		{F89E73B1-07F2-4DF1-A894-51627760466B}.Debug|Any CPU.Build.0 = Debug|Any CPU
		{F89E73B1-07F2-4DF1-A894-51627760466B}.Release|Any CPU.ActiveCfg = Release|Any CPU
		{F89E73B1-07F2-4DF1-A894-51627760466B}.Release|Any CPU.Build.0 = Release|Any CPU
		{3EE8D675-D333-413F-86FE-1BAD917C9A7F}.Debug|Any CPU.ActiveCfg = Debug|Any CPU
		{3EE8D675-D333-413F-86FE-1BAD917C9A7F}.Debug|Any CPU.Build.0 = Debug|Any CPU
		{3EE8D675-D333-413F-86FE-1BAD917C9A7F}.Release|Any CPU.ActiveCfg = Release|Any CPU
		{3EE8D675-D333-413F-86FE-1BAD917C9A7F}.Release|Any CPU.Build.0 = Release|Any CPU
		{6A56C58E-F178-4657-AB47-9AC354609DF2}.Debug|Any CPU.ActiveCfg = Debug|Any CPU
		{6A56C58E-F178-4657-AB47-9AC354609DF2}.Debug|Any CPU.Build.0 = Debug|Any CPU
		{6A56C58E-F178-4657-AB47-9AC354609DF2}.Release|Any CPU.ActiveCfg = Release|Any CPU
		{6A56C58E-F178-4657-AB47-9AC354609DF2}.Release|Any CPU.Build.0 = Release|Any CPU
		{006DE757-34B7-4344-AF91-F2CC339F27D3}.Debug|Any CPU.ActiveCfg = Debug|Any CPU
		{006DE757-34B7-4344-AF91-F2CC339F27D3}.Debug|Any CPU.Build.0 = Debug|Any CPU
		{006DE757-34B7-4344-AF91-F2CC339F27D3}.Release|Any CPU.ActiveCfg = Release|Any CPU
		{006DE757-34B7-4344-AF91-F2CC339F27D3}.Release|Any CPU.Build.0 = Release|Any CPU
	EndGlobalSection
	GlobalSection(SolutionProperties) = preSolution
		HideSolutionNode = FALSE
	EndGlobalSection
	GlobalSection(SubversionScc) = preSolution
		Svn-Managed = True
		Manager = AnkhSVN - Subversion Support for Visual Studio
	EndGlobalSection
EndGlobal
